
Microsoft Visual Studio Solution File, Format Version 12.00
# Visual Studio Version 17
VisualStudioVersion = 17.6.33723.286
MinimumVisualStudioVersion = 10.0.40219.1
Project("{8BC9CEB8-8B4A-11D0-8D11-00A0C91BC942}") = "vayRUS3D", "vayRUS3D\vayRUS3D.vcxproj", "{0BDED8F0-0548-4090-A7E4-D71C2EC180B1}"
EndProject
Global
	GlobalSection(SolutionConfigurationPlatforms) = preSolution
		Debug DedicatedServer Build|ARM = Debug DedicatedServer Build|ARM
		Debug DedicatedServer Build|x64 = Debug DedicatedServer Build|x64
		Debug DedicatedServer Build|x86 = Debug DedicatedServer Build|x86
		Debug Engine Build|ARM = Debug Engine Build|ARM
		Debug Engine Build|x64 = Debug Engine Build|x64
		Debug Engine Build|x86 = Debug Engine Build|x86
		Debug Game Build|ARM = Debug Game Build|ARM
		Debug Game Build|x64 = Debug Game Build|x64
		Debug Game Build|x86 = Debug Game Build|x86
		Release DedicatedServer Build|ARM = Release DedicatedServer Build|ARM
		Release DedicatedServer Build|x64 = Release DedicatedServer Build|x64
		Release DedicatedServer Build|x86 = Release DedicatedServer Build|x86
		Release Engine Build|ARM = Release Engine Build|ARM
		Release Engine Build|x64 = Release Engine Build|x64
		Release Engine Build|x86 = Release Engine Build|x86
		Release Game Build|ARM = Release Game Build|ARM
		Release Game Build|x64 = Release Game Build|x64
		Release Game Build|x86 = Release Game Build|x86
	EndGlobalSection
	GlobalSection(ProjectConfigurationPlatforms) = postSolution
		{0BDED8F0-0548-4090-A7E4-D71C2EC180B1}.Debug DedicatedServer Build|ARM.ActiveCfg = Debug DedicatedServer Build|ARM
		{0BDED8F0-0548-4090-A7E4-D71C2EC180B1}.Debug DedicatedServer Build|ARM.Build.0 = Debug DedicatedServer Build|ARM
		{0BDED8F0-0548-4090-A7E4-D71C2EC180B1}.Debug DedicatedServer Build|x64.ActiveCfg = Debug DedicatedServer Build|x64
		{0BDED8F0-0548-4090-A7E4-D71C2EC180B1}.Debug DedicatedServer Build|x64.Build.0 = Debug DedicatedServer Build|x64
		{0BDED8F0-0548-4090-A7E4-D71C2EC180B1}.Debug DedicatedServer Build|x86.ActiveCfg = Debug DedicatedServer Build|Win32
		{0BDED8F0-0548-4090-A7E4-D71C2EC180B1}.Debug DedicatedServer Build|x86.Build.0 = Debug DedicatedServer Build|Win32
		{0BDED8F0-0548-4090-A7E4-D71C2EC180B1}.Debug Engine Build|ARM.ActiveCfg = Debug Engine Build|ARM
		{0BDED8F0-0548-4090-A7E4-D71C2EC180B1}.Debug Engine Build|ARM.Build.0 = Debug Engine Build|ARM
		{0BDED8F0-0548-4090-A7E4-D71C2EC180B1}.Debug Engine Build|x64.ActiveCfg = Debug Engine Build|x64
		{0BDED8F0-0548-4090-A7E4-D71C2EC180B1}.Debug Engine Build|x64.Build.0 = Debug Engine Build|x64
		{0BDED8F0-0548-4090-A7E4-D71C2EC180B1}.Debug Engine Build|x86.ActiveCfg = Debug Engine Build|Win32
		{0BDED8F0-0548-4090-A7E4-D71C2EC180B1}.Debug Engine Build|x86.Build.0 = Debug Engine Build|Win32
		{0BDED8F0-0548-4090-A7E4-D71C2EC180B1}.Debug Game Build|ARM.ActiveCfg = Debug Game Build|x64
		{0BDED8F0-0548-4090-A7E4-D71C2EC180B1}.Debug Game Build|ARM.Build.0 = Debug Game Build|x64
		{0BDED8F0-0548-4090-A7E4-D71C2EC180B1}.Debug Game Build|x64.ActiveCfg = Debug Game Build|x64
		{0BDED8F0-0548-4090-A7E4-D71C2EC180B1}.Debug Game Build|x64.Build.0 = Debug Game Build|x64
		{0BDED8F0-0548-4090-A7E4-D71C2EC180B1}.Debug Game Build|x86.ActiveCfg = Debug Game Build|Win32
		{0BDED8F0-0548-4090-A7E4-D71C2EC180B1}.Debug Game Build|x86.Build.0 = Debug Game Build|Win32
		{0BDED8F0-0548-4090-A7E4-D71C2EC180B1}.Release DedicatedServer Build|ARM.ActiveCfg = Release DedicatedServer Build|ARM
		{0BDED8F0-0548-4090-A7E4-D71C2EC180B1}.Release DedicatedServer Build|ARM.Build.0 = Release DedicatedServer Build|ARM
		{0BDED8F0-0548-4090-A7E4-D71C2EC180B1}.Release DedicatedServer Build|x64.ActiveCfg = Release DedicatedServer Build|x64
		{0BDED8F0-0548-4090-A7E4-D71C2EC180B1}.Release DedicatedServer Build|x64.Build.0 = Release DedicatedServer Build|x64
		{0BDED8F0-0548-4090-A7E4-D71C2EC180B1}.Release DedicatedServer Build|x86.ActiveCfg = Release DedicatedServer Build|Win32
		{0BDED8F0-0548-4090-A7E4-D71C2EC180B1}.Release DedicatedServer Build|x86.Build.0 = Release DedicatedServer Build|Win32
		{0BDED8F0-0548-4090-A7E4-D71C2EC180B1}.Release Engine Build|ARM.ActiveCfg = Release Engine Build|ARM
		{0BDED8F0-0548-4090-A7E4-D71C2EC180B1}.Release Engine Build|ARM.Build.0 = Release Engine Build|ARM
		{0BDED8F0-0548-4090-A7E4-D71C2EC180B1}.Release Engine Build|x64.ActiveCfg = Release Engine Build|x64
		{0BDED8F0-0548-4090-A7E4-D71C2EC180B1}.Release Engine Build|x64.Build.0 = Release Engine Build|x64
		{0BDED8F0-0548-4090-A7E4-D71C2EC180B1}.Release Engine Build|x86.ActiveCfg = Release Engine Build|Win32
		{0BDED8F0-0548-4090-A7E4-D71C2EC180B1}.Release Engine Build|x86.Build.0 = Release Engine Build|Win32
		{0BDED8F0-0548-4090-A7E4-D71C2EC180B1}.Release Game Build|ARM.ActiveCfg = Debug Engine Build|ARM
		{0BDED8F0-0548-4090-A7E4-D71C2EC180B1}.Release Game Build|ARM.Build.0 = Debug Engine Build|ARM
		{0BDED8F0-0548-4090-A7E4-D71C2EC180B1}.Release Game Build|x64.ActiveCfg = Release Game Build|x64
		{0BDED8F0-0548-4090-A7E4-D71C2EC180B1}.Release Game Build|x64.Build.0 = Release Game Build|x64
		{0BDED8F0-0548-4090-A7E4-D71C2EC180B1}.Release Game Build|x86.ActiveCfg = Release Game Build|Win32
		{0BDED8F0-0548-4090-A7E4-D71C2EC180B1}.Release Game Build|x86.Build.0 = Release Game Build|Win32
	EndGlobalSection
	GlobalSection(SolutionProperties) = preSolution
		HideSolutionNode = FALSE
	EndGlobalSection
	GlobalSection(ExtensibilityGlobals) = postSolution
		SolutionGuid = {822CB8E5-8D1A-4D3C-81B9-8FF70CAE6193}
	EndGlobalSection
EndGlobal
